
Microsoft Visual Studio Solution File, Format Version 12.00
# Visual Studio Version 17
VisualStudioVersion = 17.10.34928.147
MinimumVisualStudioVersion = 10.0.40219.1
Project("{9A19103F-16F7-4668-BE54-9A1E7A4F7556}") = "SupplierManagement", "SupplierManagement\SupplierManagement.csproj", "{6895190C-11D2-4B6A-91BA-DF11C6115359}"
EndProject
Project("{9A19103F-16F7-4668-BE54-9A1E7A4F7556}") = "SupplierManagement.Domain", "SupplierManagement.Domain\SupplierManagement.Domain.csproj", "{84F14B37-640B-48AA-A5BD-4BD897BACA08}"
EndProject
Project("{FAE04EC0-301F-11D3-BF4B-00C04F79EFBC}") = "OrderManagement.Domain", "OrderManagment.Domain\OrderManagement.Domain.csproj", "{3EF07459-6B62-4909-B558-89856A5E9CD1}"
EndProject
Project("{FAE04EC0-301F-11D3-BF4B-00C04F79EFBC}") = "OrderManagement", "OrderManagement\OrderManagement.csproj", "{F184ED0A-A58D-4EFC-8D73-486BC3894AC9}"
EndProject
Project("{FAE04EC0-301F-11D3-BF4B-00C04F79EFBC}") = "ProductManagement", "ProductManagement\ProductManagement.csproj", "{ECB22221-4459-4368-A756-FDAB09099276}"
EndProject
Project("{FAE04EC0-301F-11D3-BF4B-00C04F79EFBC}") = "ProductManagement.Domain", "ProductManagement.Domain\ProductManagement.Domain.csproj", "{D0D38E76-A00B-4EEF-9259-615A94CBF89E}"
EndProject
Global
	GlobalSection(SolutionConfigurationPlatforms) = preSolution
		Debug|Any CPU = Debug|Any CPU
		Release|Any CPU = Release|Any CPU
	EndGlobalSection
	GlobalSection(ProjectConfigurationPlatforms) = postSolution
		{6895190C-11D2-4B6A-91BA-DF11C6115359}.Debug|Any CPU.ActiveCfg = Debug|Any CPU
		{6895190C-11D2-4B6A-91BA-DF11C6115359}.Debug|Any CPU.Build.0 = Debug|Any CPU
		{6895190C-11D2-4B6A-91BA-DF11C6115359}.Release|Any CPU.ActiveCfg = Release|Any CPU
		{6895190C-11D2-4B6A-91BA-DF11C6115359}.Release|Any CPU.Build.0 = Release|Any CPU
		{84F14B37-640B-48AA-A5BD-4BD897BACA08}.Debug|Any CPU.ActiveCfg = Debug|Any CPU
		{84F14B37-640B-48AA-A5BD-4BD897BACA08}.Debug|Any CPU.Build.0 = Debug|Any CPU
		{84F14B37-640B-48AA-A5BD-4BD897BACA08}.Release|Any CPU.ActiveCfg = Release|Any CPU
		{84F14B37-640B-48AA-A5BD-4BD897BACA08}.Release|Any CPU.Build.0 = Release|Any CPU
		{3EF07459-6B62-4909-B558-89856A5E9CD1}.Debug|Any CPU.ActiveCfg = Debug|Any CPU
		{3EF07459-6B62-4909-B558-89856A5E9CD1}.Debug|Any CPU.Build.0 = Debug|Any CPU
		{3EF07459-6B62-4909-B558-89856A5E9CD1}.Release|Any CPU.ActiveCfg = Release|Any CPU
		{3EF07459-6B62-4909-B558-89856A5E9CD1}.Release|Any CPU.Build.0 = Release|Any CPU
		{F184ED0A-A58D-4EFC-8D73-486BC3894AC9}.Debug|Any CPU.ActiveCfg = Debug|Any CPU
		{F184ED0A-A58D-4EFC-8D73-486BC3894AC9}.Debug|Any CPU.Build.0 = Debug|Any CPU
		{F184ED0A-A58D-4EFC-8D73-486BC3894AC9}.Release|Any CPU.ActiveCfg = Release|Any CPU
		{F184ED0A-A58D-4EFC-8D73-486BC3894AC9}.Release|Any CPU.Build.0 = Release|Any CPU
		{ECB22221-4459-4368-A756-FDAB09099276}.Debug|Any CPU.ActiveCfg = Debug|Any CPU
		{ECB22221-4459-4368-A756-FDAB09099276}.Debug|Any CPU.Build.0 = Debug|Any CPU
		{ECB22221-4459-4368-A756-FDAB09099276}.Release|Any CPU.ActiveCfg = Release|Any CPU
		{ECB22221-4459-4368-A756-FDAB09099276}.Release|Any CPU.Build.0 = Release|Any CPU
		{D0D38E76-A00B-4EEF-9259-615A94CBF89E}.Debug|Any CPU.ActiveCfg = Debug|Any CPU
		{D0D38E76-A00B-4EEF-9259-615A94CBF89E}.Debug|Any CPU.Build.0 = Debug|Any CPU
		{D0D38E76-A00B-4EEF-9259-615A94CBF89E}.Release|Any CPU.ActiveCfg = Release|Any CPU
		{D0D38E76-A00B-4EEF-9259-615A94CBF89E}.Release|Any CPU.Build.0 = Release|Any CPU
	EndGlobalSection
	GlobalSection(SolutionProperties) = preSolution
		HideSolutionNode = FALSE
	EndGlobalSection
	GlobalSection(ExtensibilityGlobals) = postSolution
		SolutionGuid = {10B2D2FD-5B13-4C49-83BA-5CB9E9530809}
	EndGlobalSection
EndGlobal
