
Microsoft Visual Studio Solution File, Format Version 12.00
# Visual Studio Version 17
VisualStudioVersion = 17.10.34928.147
MinimumVisualStudioVersion = 10.0.40219.1
Project("{FAE04EC0-301F-11D3-BF4B-00C04F79EFBC}") = "BallComSolution", "BallComSolution\BallComSolution.csproj", "{6895190C-11D2-4B6A-91BA-DF11C6115359}"
EndProject
Project("{FAE04EC0-301F-11D3-BF4B-00C04F79EFBC}") = "BallComSolution.Domain", "BallComSolution.Domain\BallComSolution.Domain.csproj", "{84F14B37-640B-48AA-A5BD-4BD897BACA08}"
EndProject
Global
	GlobalSection(SolutionConfigurationPlatforms) = preSolution
		Debug|Any CPU = Debug|Any CPU
		Release|Any CPU = Release|Any CPU
	EndGlobalSection
	GlobalSection(ProjectConfigurationPlatforms) = postSolution
		{6895190C-11D2-4B6A-91BA-DF11C6115359}.Debug|Any CPU.ActiveCfg = Debug|Any CPU
		{6895190C-11D2-4B6A-91BA-DF11C6115359}.Debug|Any CPU.Build.0 = Debug|Any CPU
		{6895190C-11D2-4B6A-91BA-DF11C6115359}.Release|Any CPU.ActiveCfg = Release|Any CPU
		{6895190C-11D2-4B6A-91BA-DF11C6115359}.Release|Any CPU.Build.0 = Release|Any CPU
		{84F14B37-640B-48AA-A5BD-4BD897BACA08}.Debug|Any CPU.ActiveCfg = Debug|Any CPU
		{84F14B37-640B-48AA-A5BD-4BD897BACA08}.Debug|Any CPU.Build.0 = Debug|Any CPU
		{84F14B37-640B-48AA-A5BD-4BD897BACA08}.Release|Any CPU.ActiveCfg = Release|Any CPU
		{84F14B37-640B-48AA-A5BD-4BD897BACA08}.Release|Any CPU.Build.0 = Release|Any CPU
	EndGlobalSection
	GlobalSection(SolutionProperties) = preSolution
		HideSolutionNode = FALSE
	EndGlobalSection
	GlobalSection(ExtensibilityGlobals) = postSolution
		SolutionGuid = {10B2D2FD-5B13-4C49-83BA-5CB9E9530809}
	EndGlobalSection
EndGlobal
